
Microsoft Visual Studio Solution File, Format Version 12.00
# Visual Studio 15
VisualStudioVersion = 15.0.28307.1022
MinimumVisualStudioVersion = 10.0.40219.1
Project("{8BC9CEB8-8B4A-11D0-8D11-00A0C91BC942}") = "simulation", "simulation\simulation.vcxproj", "{5C39D8F0-7169-4FE0-8E0C-228D2DFF70B7}"
EndProject
Global
	GlobalSection(SolutionConfigurationPlatforms) = preSolution
		Debug|x64 = Debug|x64
		Debug|x86 = Debug|x86
		Release|x64 = Release|x64
		Release|x86 = Release|x86
	EndGlobalSection
	GlobalSection(ProjectConfigurationPlatforms) = postSolution
		{5C39D8F0-7169-4FE0-8E0C-228D2DFF70B7}.Debug|x64.ActiveCfg = Debug|x64
		{5C39D8F0-7169-4FE0-8E0C-228D2DFF70B7}.Debug|x64.Build.0 = Debug|x64
		{5C39D8F0-7169-4FE0-8E0C-228D2DFF70B7}.Debug|x86.ActiveCfg = Debug|Win32
		{5C39D8F0-7169-4FE0-8E0C-228D2DFF70B7}.Debug|x86.Build.0 = Debug|Win32
		{5C39D8F0-7169-4FE0-8E0C-228D2DFF70B7}.Release|x64.ActiveCfg = Release|x64
		{5C39D8F0-7169-4FE0-8E0C-228D2DFF70B7}.Release|x64.Build.0 = Release|x64
		{5C39D8F0-7169-4FE0-8E0C-228D2DFF70B7}.Release|x86.ActiveCfg = Release|Win32
		{5C39D8F0-7169-4FE0-8E0C-228D2DFF70B7}.Release|x86.Build.0 = Release|Win32
	EndGlobalSection
	GlobalSection(SolutionProperties) = preSolution
		HideSolutionNode = FALSE
	EndGlobalSection
	GlobalSection(ExtensibilityGlobals) = postSolution
		SolutionGuid = {EC503EDE-EBF9-4ADB-BBF0-0A6AD46F8008}
	EndGlobalSection
EndGlobal
